
Microsoft Visual Studio Solution File, Format Version 12.00
# Visual Studio 2012
Project("{FAE04EC0-301F-11D3-BF4B-00C04F79EFBC}") = "OnlineShoppingStore.Domain", "OnlineShoppingStore.Domain\OnlineShoppingStore.Domain.csproj", "{5E09481A-AB02-4F0D-BABE-9D68B326EBDD}"
EndProject
Project("{FAE04EC0-301F-11D3-BF4B-00C04F79EFBC}") = "WEBUI", "WEBUI\WEBUI.csproj", "{22840A96-D249-410C-909A-47836AAEDBF8}"
EndProject
Global
	GlobalSection(SolutionConfigurationPlatforms) = preSolution
		Debug|Any CPU = Debug|Any CPU
		Release|Any CPU = Release|Any CPU
	EndGlobalSection
	GlobalSection(ProjectConfigurationPlatforms) = postSolution
		{5E09481A-AB02-4F0D-BABE-9D68B326EBDD}.Debug|Any CPU.ActiveCfg = Debug|Any CPU
		{5E09481A-AB02-4F0D-BABE-9D68B326EBDD}.Debug|Any CPU.Build.0 = Debug|Any CPU
		{5E09481A-AB02-4F0D-BABE-9D68B326EBDD}.Release|Any CPU.ActiveCfg = Release|Any CPU
		{5E09481A-AB02-4F0D-BABE-9D68B326EBDD}.Release|Any CPU.Build.0 = Release|Any CPU
		{22840A96-D249-410C-909A-47836AAEDBF8}.Debug|Any CPU.ActiveCfg = Debug|Any CPU
		{22840A96-D249-410C-909A-47836AAEDBF8}.Debug|Any CPU.Build.0 = Debug|Any CPU
		{22840A96-D249-410C-909A-47836AAEDBF8}.Release|Any CPU.ActiveCfg = Release|Any CPU
		{22840A96-D249-410C-909A-47836AAEDBF8}.Release|Any CPU.Build.0 = Release|Any CPU
	EndGlobalSection
	GlobalSection(SolutionProperties) = preSolution
		HideSolutionNode = FALSE
	EndGlobalSection
EndGlobal
